<?xml version="1.0" encoding="UTF-8" standalone="yes" ?>
<CodeBlocks_project_file>
	<FileVersion major="1" minor="6" />
	<Project>
		<Option title="libOVL" />
		<Option pch_mode="2" />
		<Option compiler="gcc" />
		<Build>
			<Target title="Release">
				<Option output="..\..\lib\libOVL.a" prefix_auto="0" extension_auto="0" />
				<Option working_dir="" />
				<Option type="2" />
				<Option compiler="gcc" />
				<Option createDefFile="1" />
				<Compiler>
					<Add option="-Os" />
					<Add option="-O2" />
					<Add option="-DLIBOVL_STATIC" />
				</Compiler>
				<Linker>
					<Add option="-s" />
				</Linker>
			</Target>
			<Target title="Debug">
				<Option output="..\..\lib\libOVLd.a" prefix_auto="0" extension_auto="0" />
				<Option working_dir="" />
				<Option object_output="..\..\lib\obj" />
				<Option type="2" />
				<Option compiler="gcc" />
				<Option createDefFile="1" />
				<Compiler>
					<Add option="-Wall" />
					<Add option="-pg" />
					<Add option="-g" />
					<Add option="-DLIBOVL_STATIC" />
				</Compiler>
				<Linker>
					<Add option="-pg -lgmon" />
				</Linker>
			</Target>
			<Target title="Release DLL">
				<Option output="..\..\bin\libOVL.dll" prefix_auto="0" extension_auto="0" />
				<Option working_dir="..\..\bin" />
				<Option object_output="..\..\lib\obj\release dll" />
				<Option type="3" />
				<Option compiler="gcc" />
				<Option createDefFile="1" />
				<Option createStaticLib="1" />
				<Option projectLinkerOptionsRelation="2" />
				<Compiler>
					<Add option="-Os" />
					<Add option="-O2" />
				</Compiler>
				<Linker>
					<Add option="-s" />
				</Linker>
			</Target>
			<Target title="Profile DLL">
				<Option output="..\..\bin\libOVLp.dll" prefix_auto="0" extension_auto="0" />
				<Option working_dir="..\..\bin" />
				<Option object_output="..\..\lib\obj\profile dll" />
				<Option type="3" />
				<Option compiler="gcc" />
				<Option createDefFile="1" />
				<Option createStaticLib="1" />
				<Option projectLinkerOptionsRelation="2" />
				<Compiler>
					<Add option="-Os" />
					<Add option="-O2" />
					<Add option="-pg" />
				</Compiler>
				<Linker>
					<Add option="-s" />
					<Add option="-pg -lgmon" />
				</Linker>
			</Target>
			<Target title="Debug DLL">
				<Option output="..\..\bin\libOVLd.dll" prefix_auto="0" extension_auto="0" />
				<Option working_dir="..\..\bin" />
				<Option object_output="..\..\lib\obj\debug dll" />
				<Option type="3" />
				<Option compiler="gcc" />
				<Option host_application="RCT3 Importer.exe" />
				<Option createDefFile="1" />
				<Option createStaticLib="1" />
				<Option projectLinkerOptionsRelation="2" />
				<Compiler>
					<Add option="-Wall" />
					<Add option="-pg" />
					<Add option="-g" />
					<Add option="-D_STLP_DEBUG" />
					<Add option="-DDUMP_RELOCATIONS" />
				</Compiler>
				<Linker>
					<Add option="-pg -lgmon" />
				</Linker>
			</Target>
		</Build>
		<VirtualTargets>
			<Add alias="All DLL" targets="Release DLL;Profile DLL;Debug DLL;" />
		</VirtualTargets>
		<Compiler>
			<Add option="-fno-strict-aliasing" />
			<Add option="-DBUILDING_DLL=1" />
			<Add option="-DLIBOVL_EXPORTS=1" />
			<Add directory="..\..\include" />
		</Compiler>
		<Linker>
			<Add option="--no-export-all-symbols --add-stdcall-alias" />
		</Linker>
		<Unit filename="..\..\include\boneanim.h" />
		<Unit filename="..\..\include\boneshape.h" />
		<Unit filename="..\..\include\flexitexture.h" />
		<Unit filename="..\..\include\guiicon.h" />
		<Unit filename="..\..\include\icontexture.h" />
		<Unit filename="..\..\include\path.h" />
		<Unit filename="..\..\include\scenery.h" />
		<Unit filename="..\..\include\sceneryvisual.h" />
		<Unit filename="..\..\include\stall.h" />
		<Unit filename="..\..\include\staticshape.h" />
		<Unit filename="..\..\include\terraintype.h" />
		<Unit filename="..\..\include\vertex.h" />
		<Unit filename="Common.cpp" />
		<Unit filename="Common.h" />
		<Unit filename="CommonOVL.cpp" />
		<Unit filename="CommonOVL.h" />
		<Unit filename="DisplayText.h" />
		<Unit filename="OVL.CPP" />
		<Unit filename="OVL.H" />
		<Unit filename="StyleOVL.cpp" />
		<Unit filename="StyleOVL.h" />
		<Unit filename="attract.cpp" />
		<Unit filename="attract.h" />
		<Unit filename="guiskin.cpp" />
		<Unit filename="guiskin.h" />
		<Unit filename="icon.cpp" />
		<Unit filename="icon.h" />
		<Unit filename="stalls.cpp" />
		<Unit filename="stalls.h" />
		<Unit filename="textstring.cpp" />
		<Unit filename="textstring.h" />
		<Extensions>
			<code_completion />
			<envvars />
			<debugger />
		</Extensions>
	</Project>
</CodeBlocks_project_file>
