<?xml version="1.0" encoding="UTF-8" standalone="yes" ?>
<CodeBlocks_project_file>
	<FileVersion major="1" minor="6" />
	<Project>
		<Option title="Precompile RNG" />
		<Option makefile_is_custom="1" />
		<Option pch_mode="2" />
		<Option compiler="gcc" />
		<Build>
			<Target title="Precompile">
				<Option type="4" />
				<Option compiler="gcc" />
				<Compiler>
					<Add option="-O2" />
				</Compiler>
				<Linker>
					<Add option="-s" />
				</Linker>
			</Target>
		</Build>
		<VirtualTargets>
			<Add alias="Debug" targets="Precompile;" />
			<Add alias="Debug Unicode" targets="Precompile;" />
			<Add alias="Release" targets="Precompile;" />
			<Add alias="Release Unicode" targets="Precompile;" />
		</VirtualTargets>
		<Compiler>
			<Add option="-Wall" />
		</Compiler>
		<Unit filename="model.rnc.gz.h" />
		<Unit filename="model.sch.gz.h" />
		<Unit filename="model.srng" />
		<Unit filename="ms3d_comment.rnc.gz.h" />
		<Unit filename="ms3d_comment.srng" />
		<Unit filename="rct3xml-ovlcompiler-v1.rnc.gz.h" />
		<Unit filename="rct3xml-ovlcompiler-v1.srng" />
		<Unit filename="rct3xml-raw-v1.rnc.gz.h" />
		<Unit filename="rct3xml-raw-v1.srng" />
		<Unit filename="relaxng.rnc.gz.h" />
		<Unit filename="relaxng.rng" />
		<Extensions>
			<AutoVersioning>
				<Scheme minor_max="10" build_max="0" rev_max="0" rev_rand_max="10" build_times_to_increment_minor="100" />
				<Settings autoincrement="1" date_declarations="1" do_auto_increment="0" ask_to_increment="0" language="C++" svn="0" svn_directory="" header_path="version.h" />
				<Changes_Log show_changes_editor="0" app_title="released version %M.%m.%b of %p" changeslog_path="ChangesLog.txt" />
			</AutoVersioning>
			<code_completion />
			<envvars />
			<debugger />
		</Extensions>
	</Project>
</CodeBlocks_project_file>
