<?xml version="1.0" encoding="UTF-8" standalone="yes" ?>
<CodeBlocks_project_file>
	<FileVersion major="1" minor="6" />
	<Project>
		<Option title="libOVLng" />
		<Option pch_mode="2" />
		<Option compiler="gcc" />
		<Option virtualFolders="Structure Managers\;" />
		<Build>
			<Target title="Release">
				<Option output="..\..\lib\libOVLng.a" prefix_auto="0" extension_auto="0" />
				<Option working_dir="" />
				<Option object_output="..\..\lib\obj\libOVLng\release" />
				<Option type="2" />
				<Option compiler="gcc" />
				<Option createDefFile="1" />
				<Compiler>
					<Add option="-Os" />
					<Add option="-O2" />
				</Compiler>
				<Linker>
					<Add option="-s" />
				</Linker>
			</Target>
			<Target title="Debug">
				<Option output="..\..\lib\libOVLngd.a" prefix_auto="0" extension_auto="0" />
				<Option working_dir="" />
				<Option object_output="..\..\lib\obj\libOVLng\debug" />
				<Option type="2" />
				<Option compiler="gcc" />
				<Option createDefFile="1" />
				<Compiler>
					<Add option="-Wall" />
					<Add option="-g" />
					<Add option="-D__WXDEBUG__" />
					<Add directory="$(#wx.include)" />
					<Add directory="$(#wx.ansidebugstatic)" />
				</Compiler>
			</Target>
			<Target title="Debug Unicode">
				<Option output="..\..\lib\libOVLngud.a" prefix_auto="0" extension_auto="0" />
				<Option working_dir="" />
				<Option object_output="..\..\lib\obj\libOVLng\debuguni" />
				<Option type="2" />
				<Option compiler="gcc" />
				<Option createDefFile="1" />
				<Compiler>
					<Add option="-Wall" />
					<Add option="-g" />
					<Add option="-D__WXDEBUG__" />
					<Add option="-DDEBUG" />
					<Add option="-DUNICODE" />
					<Add directory="$(#wx3.include)" />
					<Add directory="$(#wx3.lib)\wx\include\msw-unicode-debug-static-2.9" />
					<Add directory="$(#wx3.lib)\wx\include\gtk2-unicode-debug-static-2.9" />
				</Compiler>
			</Target>
		</Build>
		<VirtualTargets>
			<Add alias="All" targets="Release;Debug;Debug Unicode;" />
			<Add alias="Debug Base" targets="Debug;" />
			<Add alias="Debug Base Unicode" targets="Debug Unicode;" />
			<Add alias="Release Base" targets="Release;" />
			<Add alias="Release Base Unicode" targets="Release;" />
			<Add alias="Release Unicode" targets="Release;" />
		</VirtualTargets>
		<Compiler>
			<Add option="-fno-strict-aliasing" />
			<Add option="[[" />
			<Add option='if ((PLATFORM == PLATFORM_MSW) &amp;&amp; (GetCompilerFactory().GetCompilerVersionString(_T(&quot;gcc&quot;)) &gt;= _T(&quot;4.0.0&quot;))) {' />
			<Add option='print(_T(&quot;-Wno-attributes -mthreads&quot;));' />
			<Add option="} else {" />
			<Add option='print(_T(&quot;-pthread -D_FILE_OFFSET_BITS=64 -D_LARGE_FILES -D__WXGTK__&quot;));' />
			<Add option="}" />
			<Add option="]]" />
			<Add directory="..\..\include" />
			<Add directory="..\lib3DHelp" />
		</Compiler>
		<Linker>
			<Add option="--no-export-all-symbols --add-stdcall-alias" />
		</Linker>
		<Unit filename="..\..\include\animatedride.h" />
		<Unit filename="..\..\include\attraction.h" />
		<Unit filename="..\..\include\boneanim.h" />
		<Unit filename="..\..\include\boneshape.h" />
		<Unit filename="..\..\include\car.h" />
		<Unit filename="..\..\include\carrieditems.h" />
		<Unit filename="..\..\include\counted_array_ptr.h" />
		<Unit filename="..\..\include\counted_ptr.h" />
		<Unit filename="..\..\include\flexitexture.h" />
		<Unit filename="..\..\include\guiicon.h" />
		<Unit filename="..\..\include\icontexture.h" />
		<Unit filename="..\..\include\morphmesh.h" />
		<Unit filename="..\..\include\ovlstructs.h" />
		<Unit filename="..\..\include\path.h" />
		<Unit filename="..\..\include\scenery.h" />
		<Unit filename="..\..\include\sceneryrevised.h" />
		<Unit filename="..\..\include\sceneryvisual.h" />
		<Unit filename="..\..\include\sharedride.h" />
		<Unit filename="..\..\include\spline.h" />
		<Unit filename="..\..\include\stall.h" />
		<Unit filename="..\..\include\staticshape.h" />
		<Unit filename="..\..\include\terraintype.h" />
		<Unit filename="..\..\include\vertex.h" />
		<Unit filename="..\..\include\wildanimalitem.h" />
		<Unit filename="..\..\include\xmldefs.h" />
		<Unit filename="LodSymRefManager.cpp" />
		<Unit filename="LodSymRefManager.h" />
		<Unit filename="ManagerBAN.cpp">
			<Option virtualFolder="Structure Managers\" />
		</Unit>
		<Unit filename="ManagerBAN.h">
			<Option virtualFolder="Structure Managers\" />
		</Unit>
		<Unit filename="ManagerBSH.cpp">
			<Option virtualFolder="Structure Managers\" />
		</Unit>
		<Unit filename="ManagerBSH.h">
			<Option virtualFolder="Structure Managers\" />
		</Unit>
		<Unit filename="ManagerBTBL.cpp">
			<Option virtualFolder="Structure Managers\" />
		</Unit>
		<Unit filename="ManagerBTBL.h">
			<Option virtualFolder="Structure Managers\" />
		</Unit>
		<Unit filename="ManagerCED.cpp">
			<Option virtualFolder="Structure Managers\" />
		</Unit>
		<Unit filename="ManagerCED.h">
			<Option virtualFolder="Structure Managers\" />
		</Unit>
		<Unit filename="ManagerCHG.cpp">
			<Option virtualFolder="Structure Managers\" />
		</Unit>
		<Unit filename="ManagerCHG.h">
			<Option virtualFolder="Structure Managers\" />
		</Unit>
		<Unit filename="ManagerCID.cpp">
			<Option virtualFolder="Structure Managers\" />
		</Unit>
		<Unit filename="ManagerCID.h">
			<Option virtualFolder="Structure Managers\" />
		</Unit>
		<Unit filename="ManagerCommon.cpp">
			<Option virtualFolder="Structure Managers\" />
		</Unit>
		<Unit filename="ManagerCommon.h">
			<Option virtualFolder="Structure Managers\" />
		</Unit>
		<Unit filename="ManagerFLIC.cpp">
			<Option virtualFolder="Structure Managers\" />
		</Unit>
		<Unit filename="ManagerFLIC.h">
			<Option virtualFolder="Structure Managers\" />
		</Unit>
		<Unit filename="ManagerFTX.cpp">
			<Option virtualFolder="Structure Managers\" />
		</Unit>
		<Unit filename="ManagerFTX.h">
			<Option virtualFolder="Structure Managers\" />
		</Unit>
		<Unit filename="ManagerGSI.cpp">
			<Option virtualFolder="Structure Managers\" />
		</Unit>
		<Unit filename="ManagerGSI.h">
			<Option virtualFolder="Structure Managers\" />
		</Unit>
		<Unit filename="ManagerOVL.cpp">
			<Option weight="10" />
			<Option virtualFolder="Structure Managers\" />
		</Unit>
		<Unit filename="ManagerOVL.h">
			<Option virtualFolder="Structure Managers\" />
		</Unit>
		<Unit filename="ManagerPTD.cpp">
			<Option virtualFolder="Structure Managers\" />
		</Unit>
		<Unit filename="ManagerPTD.h">
			<Option virtualFolder="Structure Managers\" />
		</Unit>
		<Unit filename="ManagerSAT.cpp">
			<Option virtualFolder="Structure Managers\" />
		</Unit>
		<Unit filename="ManagerSAT.h">
			<Option virtualFolder="Structure Managers\" />
		</Unit>
		<Unit filename="ManagerSHS.cpp">
			<Option virtualFolder="Structure Managers\" />
		</Unit>
		<Unit filename="ManagerSHS.h">
			<Option virtualFolder="Structure Managers\" />
		</Unit>
		<Unit filename="ManagerSID.cpp">
			<Option virtualFolder="Structure Managers\" />
		</Unit>
		<Unit filename="ManagerSID.h">
			<Option virtualFolder="Structure Managers\" />
		</Unit>
		<Unit filename="ManagerSPL.cpp">
			<Option virtualFolder="Structure Managers\" />
		</Unit>
		<Unit filename="ManagerSPL.h">
			<Option virtualFolder="Structure Managers\" />
		</Unit>
		<Unit filename="ManagerSTA.cpp">
			<Option virtualFolder="Structure Managers\" />
		</Unit>
		<Unit filename="ManagerSTA.h">
			<Option virtualFolder="Structure Managers\" />
		</Unit>
		<Unit filename="ManagerSVD.cpp">
			<Option virtualFolder="Structure Managers\" />
		</Unit>
		<Unit filename="ManagerSVD.h">
			<Option virtualFolder="Structure Managers\" />
		</Unit>
		<Unit filename="ManagerTEX.cpp">
			<Option virtualFolder="Structure Managers\" />
		</Unit>
		<Unit filename="ManagerTEX.h">
			<Option virtualFolder="Structure Managers\" />
		</Unit>
		<Unit filename="ManagerTXT.cpp">
			<Option virtualFolder="Structure Managers\" />
		</Unit>
		<Unit filename="ManagerTXT.h">
			<Option virtualFolder="Structure Managers\" />
		</Unit>
		<Unit filename="ManagerWAI.cpp">
			<Option virtualFolder="Structure Managers\" />
		</Unit>
		<Unit filename="ManagerWAI.h">
			<Option virtualFolder="Structure Managers\" />
		</Unit>
		<Unit filename="OVLClasses.cpp" />
		<Unit filename="OVLClasses.h" />
		<Unit filename="OVLDebug.cpp" />
		<Unit filename="OVLDebug.h" />
		<Unit filename="OVLException.cpp" />
		<Unit filename="OVLException.h" />
		<Unit filename="OVLManagers.h" />
		<Unit filename="OVLng.h" />
		<Unit filename="RelocationManager.cpp" />
		<Unit filename="RelocationManager.h" />
		<Unit filename="StringTable.cpp" />
		<Unit filename="StringTable.h" />
		<Unit filename="base64.h" />
		<Unit filename="base64_decode.c">
			<Option compilerVar="CC" />
		</Unit>
		<Unit filename="base64_encode.c">
			<Option compilerVar="CC" />
		</Unit>
		<Unit filename="libOVLng.cpp" />
		<Extensions>
			<code_completion />
			<envvars />
			<debugger />
			<AutoVersioning>
				<Scheme minor_max="10" build_max="0" rev_max="0" rev_rand_max="10" build_times_to_increment_minor="100" />
				<Settings autoincrement="1" date_declarations="1" do_auto_increment="0" ask_to_increment="0" language="C++" svn="0" svn_directory="" header_path="version.h" />
				<Changes_Log show_changes_editor="0" app_title="released version %M.%m.%b of %p" changeslog_path="ChangesLog.txt" />
			</AutoVersioning>
		</Extensions>
	</Project>
</CodeBlocks_project_file>
