<?xml version="1.0" encoding="UTF-8" standalone="yes" ?>
<CodeBlocks_project_file>
	<FileVersion major="1" minor="6" />
	<Project>
		<Option title="libOVLng" />
		<Option pch_mode="2" />
		<Option compiler="gcc" />
		<Build>
			<Target title="Release">
				<Option output="..\..\lib\libOVLng.a" prefix_auto="0" extension_auto="0" />
				<Option working_dir="" />
				<Option object_output="..\..\lib\obj\libOVLng\release" />
				<Option type="2" />
				<Option compiler="gcc" />
				<Option createDefFile="1" />
				<Compiler>
					<Add option="-Os" />
					<Add option="-O2" />
				</Compiler>
				<Linker>
					<Add option="-s" />
				</Linker>
			</Target>
			<Target title="Debug">
				<Option output="..\..\lib\libOVLngd.a" prefix_auto="0" extension_auto="0" />
				<Option working_dir="" />
				<Option object_output="..\..\lib\obj\libOVLng\debug" />
				<Option type="2" />
				<Option compiler="gcc" />
				<Option createDefFile="1" />
				<Compiler>
					<Add option="-Wall" />
					<Add option="-g" />
					<Add option="-D__WXDEBUG__" />
					<Add directory="$(#wx.include)" />
					<Add directory="$(#wx.ansidebugstatic)" />
				</Compiler>
			</Target>
			<Target title="Debug Unicode">
				<Option output="..\..\lib\libOVLngud.a" prefix_auto="0" extension_auto="0" />
				<Option working_dir="" />
				<Option object_output="..\..\lib\obj\libOVLng\debuguni" />
				<Option type="2" />
				<Option compiler="gcc" />
				<Option createDefFile="1" />
				<Compiler>
					<Add option="-Wall" />
					<Add option="-g" />
					<Add option="-D__WXDEBUG__" />
					<Add option="-DDEBUG" />
					<Add option="-DUNICODE" />
					<Add directory="$(#wx.include)" />
					<Add directory="$(#mingw.lib)\wx\include\msw-unicode-debug-static-2.8" />
				</Compiler>
			</Target>
		</Build>
		<VirtualTargets>
			<Add alias="All" targets="Release;Debug;Debug Unicode;" />
			<Add alias="Debug Base" targets="Debug;" />
			<Add alias="Debug Base Unicode" targets="Debug Unicode;" />
			<Add alias="Release Base" targets="Release;" />
			<Add alias="Release Base Unicode" targets="Release;" />
			<Add alias="Release Unicode" targets="Release;" />
		</VirtualTargets>
		<Compiler>
			<Add option="-fno-strict-aliasing" />
			<Add directory="..\..\include" />
			<Add directory="..\lib3DHelp" />
		</Compiler>
		<Linker>
			<Add option="--no-export-all-symbols --add-stdcall-alias" />
		</Linker>
		<Unit filename="..\..\include\animatedride.h" />
		<Unit filename="..\..\include\attraction.h" />
		<Unit filename="..\..\include\boneanim.h" />
		<Unit filename="..\..\include\boneshape.h" />
		<Unit filename="..\..\include\car.h" />
		<Unit filename="..\..\include\carrieditems.h" />
		<Unit filename="..\..\include\counted_array_ptr.h" />
		<Unit filename="..\..\include\counted_ptr.h" />
		<Unit filename="..\..\include\flexitexture.h" />
		<Unit filename="..\..\include\guiicon.h" />
		<Unit filename="..\..\include\icontexture.h" />
		<Unit filename="..\..\include\morphmesh.h" />
		<Unit filename="..\..\include\ovlstructs.h" />
		<Unit filename="..\..\include\path.h" />
		<Unit filename="..\..\include\scenery.h" />
		<Unit filename="..\..\include\sceneryrevised.h" />
		<Unit filename="..\..\include\sceneryvisual.h" />
		<Unit filename="..\..\include\spline.h" />
		<Unit filename="..\..\include\stall.h" />
		<Unit filename="..\..\include\staticshape.h" />
		<Unit filename="..\..\include\terraintype.h" />
		<Unit filename="..\..\include\vertex.h" />
		<Unit filename="..\..\include\wildanimalitem.h" />
		<Unit filename="..\..\include\xmldefs.h" />
		<Unit filename="LodSymRefManager.cpp" />
		<Unit filename="LodSymRefManager.h" />
		<Unit filename="ManagerBAN.cpp" />
		<Unit filename="ManagerBAN.h" />
		<Unit filename="ManagerBSH.cpp" />
		<Unit filename="ManagerBSH.h" />
		<Unit filename="ManagerBTBL.cpp" />
		<Unit filename="ManagerBTBL.h" />
		<Unit filename="ManagerCED.cpp" />
		<Unit filename="ManagerCED.h" />
		<Unit filename="ManagerCHG.cpp" />
		<Unit filename="ManagerCHG.h" />
		<Unit filename="ManagerCID.cpp" />
		<Unit filename="ManagerCID.h" />
		<Unit filename="ManagerCommon.cpp" />
		<Unit filename="ManagerCommon.h" />
		<Unit filename="ManagerFLIC.cpp" />
		<Unit filename="ManagerFLIC.h" />
		<Unit filename="ManagerFTX.cpp" />
		<Unit filename="ManagerFTX.h" />
		<Unit filename="ManagerGSI.cpp" />
		<Unit filename="ManagerGSI.h" />
		<Unit filename="ManagerOVL.cpp">
			<Option weight="10" />
		</Unit>
		<Unit filename="ManagerOVL.h" />
		<Unit filename="ManagerSAT.cpp" />
		<Unit filename="ManagerSAT.h" />
		<Unit filename="ManagerSHS.cpp" />
		<Unit filename="ManagerSHS.h" />
		<Unit filename="ManagerSID.cpp" />
		<Unit filename="ManagerSID.h" />
		<Unit filename="ManagerSPL.cpp" />
		<Unit filename="ManagerSPL.h" />
		<Unit filename="ManagerSTA.cpp" />
		<Unit filename="ManagerSTA.h" />
		<Unit filename="ManagerSVD.cpp" />
		<Unit filename="ManagerSVD.h" />
		<Unit filename="ManagerTEX.cpp" />
		<Unit filename="ManagerTEX.h" />
		<Unit filename="ManagerTXT.cpp" />
		<Unit filename="ManagerTXT.h" />
		<Unit filename="ManagerWAI.cpp" />
		<Unit filename="ManagerWAI.h" />
		<Unit filename="OVLClasses.cpp" />
		<Unit filename="OVLClasses.h" />
		<Unit filename="OVLDebug.cpp" />
		<Unit filename="OVLDebug.h" />
		<Unit filename="OVLException.cpp" />
		<Unit filename="OVLException.h" />
		<Unit filename="OVLManagers.h" />
		<Unit filename="OVLng.cpp">
			<Option weight="100" />
		</Unit>
		<Unit filename="OVLng.h" />
		<Unit filename="RelocationManager.cpp" />
		<Unit filename="RelocationManager.h" />
		<Unit filename="StringTable.cpp" />
		<Unit filename="StringTable.h" />
		<Unit filename="base64.h" />
		<Unit filename="base64_decode.c">
			<Option compilerVar="CC" />
		</Unit>
		<Unit filename="base64_encode.c">
			<Option compilerVar="CC" />
		</Unit>
		<Extensions>
			<code_completion />
			<envvars />
			<debugger>
				<remote_debugging target="Precompile XRC">
					<options conn_type="0" serial_port="" serial_baud="115200" ip_address="" ip_port="" additional_cmds="" additional_cmds_before="" skip_ld_path="0" />
				</remote_debugging>
				<remote_debugging target="Release">
					<options conn_type="0" serial_port="" serial_baud="115200" ip_address="" ip_port="" additional_cmds="" additional_cmds_before="" skip_ld_path="0" />
				</remote_debugging>
				<remote_debugging target="Debug">
					<options conn_type="0" serial_port="" serial_baud="115200" ip_address="" ip_port="" additional_cmds="" additional_cmds_before="" skip_ld_path="0" />
				</remote_debugging>
				<remote_debugging target="Debug (Public)">
					<options conn_type="0" serial_port="" serial_baud="115200" ip_address="" ip_port="" additional_cmds="" additional_cmds_before="" skip_ld_path="0" />
				</remote_debugging>
				<remote_debugging target="Release">
					<options conn_type="0" serial_port="" serial_baud="115200" ip_address="" ip_port="" additional_cmds="" additional_cmds_before="" skip_ld_path="0" />
				</remote_debugging>
				<remote_debugging target="Debug Unicode">
					<options conn_type="0" serial_port="" serial_baud="115200" ip_address="" ip_port="" additional_cmds="" additional_cmds_before="" skip_ld_path="0" />
				</remote_debugging>
				<remote_debugging target="Release">
					<options conn_type="0" serial_port="" serial_baud="115200" ip_address="" ip_port="" additional_cmds="" additional_cmds_before="" skip_ld_path="0" />
				</remote_debugging>
				<remote_debugging target="Debug">
					<options conn_type="0" serial_port="" serial_baud="115200" ip_address="" ip_port="" additional_cmds="" additional_cmds_before="" skip_ld_path="0" />
				</remote_debugging>
				<remote_debugging target="Debug Unicode">
					<options conn_type="0" serial_port="" serial_baud="115200" ip_address="" ip_port="" additional_cmds="" additional_cmds_before="" skip_ld_path="0" />
				</remote_debugging>
				<remote_debugging target="Debug">
					<options conn_type="0" serial_port="" serial_baud="115200" ip_address="" ip_port="" additional_cmds="" additional_cmds_before="" skip_ld_path="0" />
				</remote_debugging>
				<remote_debugging target="Release">
					<options conn_type="0" serial_port="" serial_baud="115200" ip_address="" ip_port="" additional_cmds="" additional_cmds_before="" skip_ld_path="0" />
				</remote_debugging>
				<remote_debugging target="Premake Resources">
					<options conn_type="0" serial_port="" serial_baud="115200" ip_address="" ip_port="" additional_cmds="" additional_cmds_before="" skip_ld_path="0" />
				</remote_debugging>
				<remote_debugging target="Debug Unicode">
					<options conn_type="0" serial_port="" serial_baud="115200" ip_address="" ip_port="" additional_cmds="" additional_cmds_before="" skip_ld_path="0" />
				</remote_debugging>
				<remote_debugging target="Debug (Public)">
					<options conn_type="0" serial_port="" serial_baud="115200" ip_address="" ip_port="" additional_cmds="" additional_cmds_before="" skip_ld_path="0" />
				</remote_debugging>
			</debugger>
			<AutoVersioning>
				<Scheme minor_max="10" build_max="0" rev_max="0" rev_rand_max="10" build_times_to_increment_minor="100" />
				<Settings autoincrement="1" date_declarations="1" do_auto_increment="0" ask_to_increment="0" language="C++" svn="0" svn_directory="" header_path="version.h" />
				<Changes_Log show_changes_editor="0" app_title="released version %M.%m.%b of %p" changeslog_path="ChangesLog.txt" />
			</AutoVersioning>
		</Extensions>
	</Project>
</CodeBlocks_project_file>
