<?xml version="1.0" encoding="UTF-8" standalone="yes" ?>
<CodeBlocks_project_file>
	<FileVersion major="1" minor="6" />
	<Project>
		<Option title="ovlmake" />
		<Option default_target="Debug DLL" />
		<Option compiler="gcc" />
		<Build>
			<Target title="Release Base Unicode">
				<Option output="..\..\bin\ovlmake.exe" prefix_auto="0" extension_auto="0" />
				<Option working_dir="..\..\bin" />
				<Option object_output="..\..\lib\obj\ovlmake\releaseuni" />
				<Option external_deps="..\..\lib\lib3DHelpu.a;..\..\lib\libWXHelpbu.a;..\..\lib\libASE.a;..\..\lib\libOVLng.a;..\..\lib\libOVLDump.a;..\..\lib\libRawParseu.a;..\..\lib\libXmlCppu.a;" />
				<Option type="1" />
				<Option compiler="gcc" />
				<Option use_console_runner="0" />
				<Option projectLinkerOptionsRelation="2" />
				<Compiler>
					<Add option="-Os" />
					<Add option="-O2" />
					<Add option="-DUNICODE" />
					<Add directory="$(#wx3.lib)\base-unicode-release-static-2.9" />
				</Compiler>
				<Linker>
					<Add option="-s" />
					<Add library="libRawParseu" />
					<Add library="libOVLDump" />
					<Add library="3DHelpu" />
					<Add library="WXHelpbu" />
					<Add library="libASE" />
					<Add library="wx_baseu-2.9" />
					<Add library="libOVLng" />
					<Add library="XmlCppu" />
				</Linker>
			</Target>
			<Target title="Debug Base Unicode">
				<Option output="..\..\bin\ovlmaked.exe" prefix_auto="0" extension_auto="0" />
				<Option working_dir="..\..\bin" />
				<Option object_output="..\..\lib\obj\ovlmake\debuguni" />
				<Option external_deps="..\..\lib\lib3DHelpud.a;..\..\lib\libWXHelpbud.a;..\..\lib\libASEd.a;..\..\lib\libOVLngud.a;..\..\lib\libRawParseud.a;..\..\lib\libOVLDumpd.a;..\..\lib\libXmlCppud.a;" />
				<Option type="1" />
				<Option compiler="gcc" />
				<Option use_console_runner="0" />
				<Option projectLinkerOptionsRelation="2" />
				<Compiler>
					<Add option="-Os" />
					<Add option="-O2" />
					<Add option="-Wall" />
					<Add option="-g" />
					<Add option="-DDEBUG" />
					<Add option="-D__WXDEBUG__" />
					<Add option="-DUNICODE" />
					<Add directory="$(#wx3.lib)\base-unicode-debug-static-2.9" />
				</Compiler>
				<Linker>
					<Add library="libRawParseud" />
					<Add library="libOVLDumpd" />
					<Add library="3DHelpud" />
					<Add library="WXHelpbud" />
					<Add library="libASE" />
					<Add library="wx_baseud-2.9" />
					<Add library="libOVLngud" />
					<Add library="XmlCppud" />
				</Linker>
			</Target>
		</Build>
		<Compiler>
			<Add option="-mthreads" />
			<Add option="-pipe" />
			<Add option="-fmessage-length=0" />
			<Add option="-fexceptions" />
			<Add option='-include &quot;wx_pch.h&quot;' />
			<Add option="-Winvalid-pch" />
			<Add option="-fno-strict-aliasing" />
			<Add option="-DUSE_PCH" />
			<Add option="-D__GNUWIN32__" />
			<Add option="-D__WXMSW__" />
			<Add option="-D_WIN32" />
			<Add option="-DUSE_SQUISH" />
			<Add option="-DCACHE_GXIMAGE" />
			<Add option="-DXMLCPP_USE_XSLT" />
			<Add option="-DXMLCPP_USE_WXWIDGETS" />
			<Add directory="$(#wx3.include)" />
			<Add directory="..\lib3DHelp" />
			<Add directory="..\..\include" />
			<Add directory="..\libWXHelp" />
			<Add directory="$(#mingw.include)\GraphicsMagick" />
			<Add directory="$(#mingw.include)\plib" />
			<Add directory="..\libOVLng" />
			<Add directory="..\libOVLDump" />
			<Add directory="..\libRawParse" />
			<Add directory="..\libXmlCpp" />
			<Add directory="$(#mingw.include)\libxml2" />
		</Compiler>
		<Linker>
			<Add library="GraphicsMagick++" />
			<Add library="GraphicsMagick" />
			<Add library="exslt" />
			<Add library="xslt" />
			<Add library="xml2" />
			<Add library="png" />
			<Add library="tiff" />
			<Add library="jpeg" />
			<Add library="z" />
			<Add library="expat" />
			<Add library="squish" />
			<Add library="ole32" />
			<Add library="uuid" />
			<Add library="gdi32" />
			<Add directory="..\..\lib" />
		</Linker>
		<Unit filename="OvlCompiler ReadMe.txt" />
		<Unit filename="ReadMe 1st.txt" />
		<Unit filename="changelog.txt" />
		<Unit filename="ovlmake.cpp" />
		<Unit filename="todo.txt" />
		<Unit filename="version.h">
			<Option target="Release Base Unicode" />
		</Unit>
		<Unit filename="wx_pch.h">
			<Option weight="0" />
		</Unit>
		<Extensions>
			<code_completion />
			<envvars />
			<debugger />
			<AutoVersioning>
				<Scheme minor_max="10" build_max="0" rev_max="0" rev_rand_max="10" build_times_to_increment_minor="100" />
				<Settings autoincrement="0" date_declarations="1" do_auto_increment="1" ask_to_increment="0" language="C++" svn="0" svn_directory="C:\Development\svn" header_path="version.h" />
				<Changes_Log show_changes_editor="0" app_title="released version %M.%m.%b of %p" changeslog_path="ChangesLog.txt" />
			</AutoVersioning>
		</Extensions>
	</Project>
</CodeBlocks_project_file>
