<?xml version="1.0" encoding="UTF-8" standalone="yes" ?>
<CodeBlocks_project_file>
	<FileVersion major="1" minor="6" />
	<Project>
		<Option title="RCT3 Importer" />
		<Option pch_mode="2" />
		<Option compiler="gcc" />
		<Option virtualFolders="wx\;xrc\;resources\;" />
		<Build>
			<Target title="Precompile XRC">
				<Option type="4" />
				<Option compiler="gcc" />
			</Target>
			<Target title="Release DLL">
				<Option output="..\..\bin\RCT3 Importer.exe" prefix_auto="0" extension_auto="0" />
				<Option working_dir="..\..\bin" />
				<Option object_output="..\..\lib\obj\release dll" />
				<Option external_deps="..\..\lib\lib3DHelp.a;..\..\bin\libOVL.a;..\..\lib\libWXHelp.a;" />
				<Option type="0" />
				<Option compiler="gcc" />
				<Option projectLinkerOptionsRelation="2" />
				<Compiler>
					<Add option="-Os" />
					<Add option="-O2" />
					<Add directory="..\libOVL" />
					<Add directory="$(#mingw.lib)\wx\include\msw-ansi-release-static-2.8" />
				</Compiler>
				<Linker>
					<Add option="-s" />
					<Add library="libOVL" />
					<Add library="3DHelp" />
					<Add library="WXHelp" />
					<Add library="libASE" />
					<Add library="wx_msw-2.8" />
					<Add directory="..\..\bin" />
				</Linker>
			</Target>
			<Target title="Profile DLL">
				<Option output="..\..\bin\RCT3 Importer Profile.exe" prefix_auto="0" extension_auto="0" />
				<Option working_dir="..\..\bin" />
				<Option object_output="..\..\lib\obj\profile dll" />
				<Option external_deps="..\..\lib\lib3DHelp.a;..\..\bin\libOVL.a;..\..\lib\libWXHelp.a;" />
				<Option type="0" />
				<Option compiler="gcc" />
				<Option projectLinkerOptionsRelation="2" />
				<Compiler>
					<Add option="-Os" />
					<Add option="-O2" />
					<Add option="-pg" />
					<Add directory="..\libOVL" />
					<Add directory="$(#mingw.lib)\wx\include\msw-ansi-release-static-2.8" />
				</Compiler>
				<Linker>
					<Add option="-pg -lgmon" />
					<Add library="libOVLp" />
					<Add library="3DHelpp" />
					<Add library="WXHelpp" />
					<Add library="libASEp" />
					<Add library="wx_msw-2.8" />
					<Add directory="..\..\bin" />
				</Linker>
			</Target>
			<Target title="Debug DLL">
				<Option output="..\..\bin\RCT3 Importer Debug.exe" prefix_auto="0" extension_auto="0" />
				<Option working_dir="..\..\bin" />
				<Option object_output="..\..\lib\obj\debug dll" />
				<Option external_deps="..\..\lib\lib3DHelpd.a;..\..\bin\libOVLd.a;..\..\lib\libWXHelpd.a;" />
				<Option type="0" />
				<Option compiler="gcc" />
				<Option projectLinkerOptionsRelation="2" />
				<Compiler>
					<Add option="-W" />
					<Add option="-Wall" />
					<Add option="-g" />
					<Add option="-DDEBUG" />
					<Add directory="..\libOVL" />
					<Add directory="$(#mingw.lib)\wx\include\msw-ansi-release-static-2.8" />
				</Compiler>
				<Linker>
					<Add library="libOVLd" />
					<Add library="3DHelpd" />
					<Add library="WXHelpd" />
					<Add library="libASE" />
					<Add library="wx_msw-2.8" />
					<Add directory="..\..\bin" />
				</Linker>
			</Target>
			<Target title="Release">
				<Option output="..\..\bin\RCT3 Importer.exe" prefix_auto="0" extension_auto="0" />
				<Option working_dir="..\..\bin" />
				<Option object_output="..\..\lib\obj\release" />
				<Option external_deps="..\..\lib\lib3DHelp.a;" />
				<Option type="0" />
				<Option compiler="gcc" />
				<Option projectLinkerOptionsRelation="2" />
				<Compiler>
					<Add option="-Os" />
					<Add option="-O2" />
					<Add directory="..\libOVL-old" />
					<Add directory="$(#mingw.lib)\wx\include\msw-ansi-release-static-2.8" />
				</Compiler>
				<Linker>
					<Add option="-s" />
					<Add library="libOVLs" />
					<Add library="3DHelp" />
					<Add library="WXHelp" />
					<Add library="libASE" />
					<Add library="wx_msw-2.8" />
					<Add directory="libOVL" />
				</Linker>
			</Target>
			<Target title="Debug">
				<Option output="..\..\bin\RCT3 Importer Debug.exe" prefix_auto="0" extension_auto="0" />
				<Option working_dir="..\..\bin" />
				<Option object_output="..\..\lib\obj\debug" />
				<Option external_deps="..\..\lib\lib3DHelpd.a;" />
				<Option type="0" />
				<Option compiler="gcc" />
				<Option projectLinkerOptionsRelation="2" />
				<Compiler>
					<Add option="-W" />
					<Add option="-Wall" />
					<Add option="-pg" />
					<Add option="-g" />
					<Add directory="..\libOVL-old" />
					<Add directory="$(#mingw.lib)\wx\include\msw-ansi-release-static-2.8" />
				</Compiler>
				<Linker>
					<Add option="-pg -lgmon" />
					<Add library="libOVLsd" />
					<Add library="3DHelpd" />
					<Add library="WXHelpd" />
					<Add library="libASEd" />
					<Add library="wx_msw-2.8" />
					<Add directory="libOVL" />
				</Linker>
			</Target>
		</Build>
		<Compiler>
			<Add option="-mthreads" />
			<Add option="-pipe" />
			<Add option="-fmessage-length=0" />
			<Add option="-fexceptions" />
			<Add option='-include &quot;wx_pch.h&quot;' />
			<Add option="-Winvalid-pch" />
			<Add option="-fno-strict-aliasing" />
			<Add option="-DUSE_PCH" />
			<Add option="-D__GNUWIN32__" />
			<Add option="-D__WXMSW__" />
			<Add option="-DHAVE_W32API_H" />
			<Add option="-DIL_STATIC_LIB" />
			<Add option="-D_WIN32" />
			<Add directory="..\lib3DHelp" />
			<Add directory="..\..\include" />
			<Add directory="..\libWXHelp" />
		</Compiler>
		<Linker>
			<Add library="IL" />
			<Add library="ILU" />
			<Add library="png" />
			<Add library="tiff" />
			<Add library="jpeg" />
			<Add library="z" />
			<Add library="shell32" />
			<Add library="ole32" />
			<Add library="wsock32" />
			<Add library="oleaut32" />
			<Add library="uuid" />
			<Add library="comctl32" />
			<Add library="expat" />
			<Add directory="..\..\lib" />
		</Linker>
		<Unit filename="Tool.cpp">
			<Option target="Release DLL" />
			<Option target="Debug DLL" />
			<Option target="Release" />
			<Option target="Debug" />
			<Option target="Profile DLL" />
		</Unit>
		<Unit filename="app.rc">
			<Option compilerVar="CPP" />
			<Option target="Release DLL" />
			<Option target="Debug DLL" />
			<Option target="Release" />
			<Option target="Debug" />
			<Option target="Profile DLL" />
		</Unit>
		<Unit filename="bmy.pal">
			<Option compile="1" />
			<Option weight="1" />
			<Option virtualFolder="resources\" />
			<Option compiler="gcc" use="1" buildCommand="bin2c -c $file $file.h" />
			<Option target="Precompile XRC" />
		</Unit>
		<Unit filename="bmy.pal.h">
			<Option virtualFolder="resources\" />
			<Option target="Release DLL" />
			<Option target="Debug DLL" />
			<Option target="Release" />
			<Option target="Debug" />
			<Option target="Profile DLL" />
		</Unit>
		<Unit filename="changelog.txt">
			<Option target="Release DLL" />
			<Option target="Debug DLL" />
			<Option target="Release" />
			<Option target="Debug" />
			<Option target="Profile DLL" />
		</Unit>
		<Unit filename="crystal\crystal.xrc">
			<Option compile="1" />
			<Option weight="10" />
			<Option virtualFolder="xrc\" />
			<Option compiler="gcc" use="1" buildCommand="wxrc --extra-cpp-code --cpp-code --output=xrc_bitmap_crystal.cpp --function=InitXmlBitmapCrystal $file" />
			<Option target="Precompile XRC" />
		</Unit>
		<Unit filename="global.cpp">
			<Option target="Release DLL" />
			<Option target="Debug DLL" />
			<Option target="Release" />
			<Option target="Debug" />
			<Option target="Profile DLL" />
		</Unit>
		<Unit filename="global.h">
			<Option target="Release DLL" />
			<Option target="Debug DLL" />
			<Option target="Release" />
			<Option target="Debug" />
			<Option target="Profile DLL" />
		</Unit>
		<Unit filename="ilhelper.cpp">
			<Option target="Release DLL" />
			<Option target="Debug DLL" />
			<Option target="Release" />
			<Option target="Debug" />
			<Option target="Profile DLL" />
		</Unit>
		<Unit filename="ilhelper.h">
			<Option target="Release DLL" />
			<Option target="Debug DLL" />
			<Option target="Release" />
			<Option target="Debug" />
			<Option target="Profile DLL" />
		</Unit>
		<Unit filename="rct3config.cpp">
			<Option target="Release DLL" />
			<Option target="Debug DLL" />
			<Option target="Release" />
			<Option target="Debug" />
			<Option target="Profile DLL" />
		</Unit>
		<Unit filename="rct3config.h">
			<Option target="Release DLL" />
			<Option target="Debug DLL" />
			<Option target="Release" />
			<Option target="Debug" />
			<Option target="Profile DLL" />
		</Unit>
		<Unit filename="rct3imp.txt">
			<Option target="Release DLL" />
			<Option target="Debug DLL" />
			<Option target="Release" />
			<Option target="Debug" />
			<Option target="Profile DLL" />
		</Unit>
		<Unit filename="resource.h">
			<Option target="Release DLL" />
			<Option target="Debug DLL" />
			<Option target="Release" />
			<Option target="Debug" />
			<Option target="Profile DLL" />
		</Unit>
		<Unit filename="resources.cpp">
			<Option virtualFolder="resources\" />
			<Option target="Release DLL" />
			<Option target="Debug DLL" />
			<Option target="Release" />
			<Option target="Debug" />
			<Option target="Profile DLL" />
		</Unit>
		<Unit filename="resources.h">
			<Option virtualFolder="resources\" />
			<Option target="Release DLL" />
			<Option target="Debug DLL" />
			<Option target="Release" />
			<Option target="Debug" />
			<Option target="Profile DLL" />
		</Unit>
		<Unit filename="win_predefine.h">
			<Option target="Release DLL" />
			<Option target="Debug DLL" />
			<Option target="Release" />
			<Option target="Debug" />
			<Option target="Profile DLL" />
		</Unit>
		<Unit filename="wx_pch.h">
			<Option compile="1" />
			<Option weight="0" />
			<Option virtualFolder="wx\" />
			<Option target="Release DLL" />
			<Option target="Debug DLL" />
			<Option target="Release" />
			<Option target="Debug" />
			<Option target="Profile DLL" />
		</Unit>
		<Unit filename="wxapp.h">
			<Option virtualFolder="wx\" />
			<Option target="Release DLL" />
			<Option target="Debug DLL" />
			<Option target="Release" />
			<Option target="Debug" />
			<Option target="Profile DLL" />
		</Unit>
		<Unit filename="wxdlgAttract.cpp">
			<Option virtualFolder="wx\" />
			<Option target="Release DLL" />
			<Option target="Debug DLL" />
			<Option target="Release" />
			<Option target="Debug" />
			<Option target="Profile DLL" />
		</Unit>
		<Unit filename="wxdlgAttract.h">
			<Option virtualFolder="wx\" />
			<Option target="Release DLL" />
			<Option target="Debug DLL" />
			<Option target="Release" />
			<Option target="Debug" />
			<Option target="Profile DLL" />
		</Unit>
		<Unit filename="wxdlgAttractMan.cpp">
			<Option virtualFolder="wx\" />
			<Option target="Release DLL" />
			<Option target="Debug DLL" />
			<Option target="Release" />
			<Option target="Debug" />
			<Option target="Profile DLL" />
		</Unit>
		<Unit filename="wxdlgAttractMan.h">
			<Option virtualFolder="wx\" />
			<Option target="Release DLL" />
			<Option target="Debug DLL" />
			<Option target="Release" />
			<Option target="Debug" />
			<Option target="Profile DLL" />
		</Unit>
		<Unit filename="wxdlgCreateScenery.cpp">
			<Option virtualFolder="wx\" />
			<Option target="Release DLL" />
			<Option target="Debug DLL" />
			<Option target="Release" />
			<Option target="Debug" />
			<Option target="Profile DLL" />
		</Unit>
		<Unit filename="wxdlgCreateScenery.h">
			<Option virtualFolder="wx\" />
			<Option target="Release DLL" />
			<Option target="Debug DLL" />
			<Option target="Release" />
			<Option target="Debug" />
			<Option target="Profile DLL" />
		</Unit>
		<Unit filename="wxdlgEffect.cpp">
			<Option virtualFolder="wx\" />
			<Option target="Release DLL" />
			<Option target="Debug DLL" />
			<Option target="Release" />
			<Option target="Debug" />
			<Option target="Profile DLL" />
		</Unit>
		<Unit filename="wxdlgEffect.h">
			<Option virtualFolder="wx\" />
			<Option target="Release DLL" />
			<Option target="Debug DLL" />
			<Option target="Release" />
			<Option target="Debug" />
			<Option target="Profile DLL" />
		</Unit>
		<Unit filename="wxdlgEffectLight.cpp">
			<Option virtualFolder="wx\" />
			<Option target="Release DLL" />
			<Option target="Debug DLL" />
			<Option target="Release" />
			<Option target="Debug" />
			<Option target="Profile DLL" />
		</Unit>
		<Unit filename="wxdlgEffectLight.h">
			<Option virtualFolder="wx\" />
			<Option target="Release DLL" />
			<Option target="Debug DLL" />
			<Option target="Release" />
			<Option target="Debug" />
			<Option target="Profile DLL" />
		</Unit>
		<Unit filename="wxdlgInfo.cpp">
			<Option virtualFolder="wx\" />
			<Option target="Release DLL" />
			<Option target="Debug DLL" />
			<Option target="Release" />
			<Option target="Debug" />
			<Option target="Profile DLL" />
		</Unit>
		<Unit filename="wxdlgInfo.h">
			<Option virtualFolder="wx\" />
			<Option target="Release DLL" />
			<Option target="Debug DLL" />
			<Option target="Release" />
			<Option target="Debug" />
			<Option target="Profile DLL" />
		</Unit>
		<Unit filename="wxdlgLOD.cpp">
			<Option virtualFolder="wx\" />
			<Option target="Release DLL" />
			<Option target="Debug DLL" />
			<Option target="Release" />
			<Option target="Debug" />
			<Option target="Profile DLL" />
		</Unit>
		<Unit filename="wxdlgLOD.h">
			<Option virtualFolder="wx\" />
			<Option target="Release DLL" />
			<Option target="Debug DLL" />
			<Option target="Release" />
			<Option target="Debug" />
			<Option target="Profile DLL" />
		</Unit>
		<Unit filename="wxdlgMatrix.cpp">
			<Option virtualFolder="wx\" />
			<Option target="Release DLL" />
			<Option target="Debug DLL" />
			<Option target="Release" />
			<Option target="Debug" />
			<Option target="Profile DLL" />
		</Unit>
		<Unit filename="wxdlgMatrix.h">
			<Option virtualFolder="wx\" />
			<Option target="Release DLL" />
			<Option target="Debug DLL" />
			<Option target="Release" />
			<Option target="Debug" />
			<Option target="Profile DLL" />
		</Unit>
		<Unit filename="wxdlgMesh.cpp">
			<Option compile="0" />
			<Option link="0" />
			<Option virtualFolder="wx\" />
			<Option target="Release DLL" />
			<Option target="Debug DLL" />
			<Option target="Release" />
			<Option target="Debug" />
			<Option target="Profile DLL" />
		</Unit>
		<Unit filename="wxdlgMesh.h">
			<Option virtualFolder="wx\" />
			<Option target="Release DLL" />
			<Option target="Debug DLL" />
			<Option target="Release" />
			<Option target="Debug" />
			<Option target="Profile DLL" />
		</Unit>
		<Unit filename="wxdlgModel.cpp">
			<Option virtualFolder="wx\" />
			<Option target="Release DLL" />
			<Option target="Debug DLL" />
			<Option target="Release" />
			<Option target="Debug" />
			<Option target="Profile DLL" />
		</Unit>
		<Unit filename="wxdlgModel.h">
			<Option virtualFolder="wx\" />
			<Option target="Release DLL" />
			<Option target="Debug DLL" />
			<Option target="Release" />
			<Option target="Debug" />
			<Option target="Profile DLL" />
		</Unit>
		<Unit filename="wxdlgStall.cpp">
			<Option virtualFolder="wx\" />
			<Option target="Release DLL" />
			<Option target="Debug DLL" />
			<Option target="Release" />
			<Option target="Debug" />
			<Option target="Profile DLL" />
		</Unit>
		<Unit filename="wxdlgStall.h">
			<Option virtualFolder="wx\" />
			<Option target="Release DLL" />
			<Option target="Debug DLL" />
			<Option target="Release" />
			<Option target="Debug" />
			<Option target="Profile DLL" />
		</Unit>
		<Unit filename="wxdlgStallMan.cpp">
			<Option virtualFolder="wx\" />
			<Option target="Release DLL" />
			<Option target="Debug DLL" />
			<Option target="Release" />
			<Option target="Debug" />
			<Option target="Profile DLL" />
		</Unit>
		<Unit filename="wxdlgStallMan.h">
			<Option virtualFolder="wx\" />
			<Option target="Release DLL" />
			<Option target="Debug DLL" />
			<Option target="Release" />
			<Option target="Debug" />
			<Option target="Profile DLL" />
		</Unit>
		<Unit filename="wxdlgTexture.cpp">
			<Option virtualFolder="wx\" />
			<Option target="Release DLL" />
			<Option target="Debug DLL" />
			<Option target="Release" />
			<Option target="Debug" />
			<Option target="Profile DLL" />
		</Unit>
		<Unit filename="wxdlgTexture.h">
			<Option virtualFolder="wx\" />
			<Option target="Release DLL" />
			<Option target="Debug DLL" />
			<Option target="Release" />
			<Option target="Debug" />
			<Option target="Profile DLL" />
		</Unit>
		<Unit filename="xrc\xrc_attract.xrc">
			<Option compile="1" />
			<Option compiler="gcc" use="1" buildCommand="wxrc --extra-cpp-code --cpp-code --output=xrc_attract.cpp --function=InitXmlAttract $file" />
			<Option target="Precompile XRC" />
		</Unit>
		<Unit filename="xrc\xrc_attractman.xrc">
			<Option compile="1" />
			<Option compiler="gcc" use="1" buildCommand="wxrc --extra-cpp-code --cpp-code --output=xrc_attractman.cpp --function=InitXmlAttractMan $file" />
			<Option target="Precompile XRC" />
		</Unit>
		<Unit filename="xrc\xrc_createscenery.xrc">
			<Option compile="1" />
			<Option compiler="gcc" use="1" buildCommand="wxrc --extra-cpp-code --cpp-code --output=xrc_createscenery.cpp --function=InitXmlCreateScenery $file" />
			<Option target="Precompile XRC" />
		</Unit>
		<Unit filename="xrc\xrc_effect.xrc">
			<Option compile="1" />
			<Option compiler="gcc" use="1" buildCommand="wxrc --extra-cpp-code --cpp-code --output=xrc_effect.cpp --function=InitXmlEffect $file" />
			<Option target="Precompile XRC" />
		</Unit>
		<Unit filename="xrc\xrc_effectmenu.xrc">
			<Option compile="1" />
			<Option compiler="gcc" use="1" buildCommand="wxrc --extra-cpp-code --cpp-code --output=xrc_effectmenu.cpp --function=InitXmlEffectMenu $file" />
			<Option target="Precompile XRC" />
		</Unit>
		<Unit filename="xrc\xrc_info.xrc">
			<Option compile="1" />
			<Option compiler="gcc" use="1" buildCommand="wxrc --extra-cpp-code --cpp-code --output=xrc_info.cpp --function=InitXmlInfo $file" />
			<Option target="Precompile XRC" />
		</Unit>
		<Unit filename="xrc\xrc_lod.xrc">
			<Option compile="1" />
			<Option compiler="gcc" use="1" buildCommand="wxrc --extra-cpp-code --cpp-code --output=xrc_lod.cpp --function=InitXmlLOD $file" />
			<Option target="Precompile XRC" />
		</Unit>
		<Unit filename="xrc\xrc_matrix.xrc">
			<Option compile="1" />
			<Option compiler="gcc" use="1" buildCommand="wxrc --extra-cpp-code --cpp-code --output=xrc_matrix.cpp --function=InitXmlMatrix $file" />
			<Option target="Precompile XRC" />
		</Unit>
		<Unit filename="xrc\xrc_mesh.xrc">
			<Option compiler="gcc" use="1" buildCommand="wxrc --extra-cpp-code --cpp-code --output=xrc_mesh.cpp --function=InitXmlMesh $file" />
			<Option target="Precompile XRC" />
		</Unit>
		<Unit filename="xrc\xrc_model.xrc">
			<Option compile="1" />
			<Option compiler="gcc" use="1" buildCommand="wxrc --extra-cpp-code --cpp-code --output=xrc_model.cpp --function=InitXmlModel $file" />
			<Option target="Precompile XRC" />
		</Unit>
		<Unit filename="xrc\xrc_stall.xrc">
			<Option compile="1" />
			<Option compiler="gcc" use="1" buildCommand="wxrc --extra-cpp-code --cpp-code --output=xrc_stall.cpp --function=InitXmlStall $file" />
			<Option target="Precompile XRC" />
		</Unit>
		<Unit filename="xrc\xrc_stallman.xrc">
			<Option compile="1" />
			<Option compiler="gcc" use="1" buildCommand="wxrc --extra-cpp-code --cpp-code --output=xrc_stallman.cpp --function=InitXmlStallMan $file" />
			<Option target="Precompile XRC" />
		</Unit>
		<Unit filename="xrc\xrc_texture.xrc">
			<Option compile="1" />
			<Option compiler="gcc" use="1" buildCommand="wxrc --extra-cpp-code --cpp-code --output=xrc_texture.cpp --function=InitXmlTexture $file" />
			<Option target="Precompile XRC" />
		</Unit>
		<Unit filename="xrc\xrc_texturesimple.xrc">
			<Option compile="1" />
			<Option compiler="gcc" use="1" buildCommand="wxrc --extra-cpp-code --cpp-code --output=xrc_texturesimple.cpp --function=InitXmlTextureSimple $file" />
			<Option target="Precompile XRC" />
		</Unit>
		<Unit filename="xrc\xrcres.h">
			<Option target="Release DLL" />
			<Option target="Debug DLL" />
			<Option target="Release" />
			<Option target="Debug" />
			<Option target="Profile DLL" />
		</Unit>
		<Unit filename="xrc_attract.cpp">
			<Option virtualFolder="xrc\" />
			<Option target="Release DLL" />
			<Option target="Debug DLL" />
			<Option target="Release" />
			<Option target="Debug" />
			<Option target="Profile DLL" />
		</Unit>
		<Unit filename="xrc_attract.h">
			<Option virtualFolder="xrc\" />
			<Option target="Release DLL" />
			<Option target="Debug DLL" />
			<Option target="Release" />
			<Option target="Debug" />
			<Option target="Profile DLL" />
		</Unit>
		<Unit filename="xrc_attractman.cpp">
			<Option virtualFolder="xrc\" />
			<Option target="Release DLL" />
			<Option target="Debug DLL" />
			<Option target="Release" />
			<Option target="Debug" />
			<Option target="Profile DLL" />
		</Unit>
		<Unit filename="xrc_attractman.h">
			<Option virtualFolder="xrc\" />
			<Option target="Release DLL" />
			<Option target="Debug DLL" />
			<Option target="Release" />
			<Option target="Debug" />
			<Option target="Profile DLL" />
		</Unit>
		<Unit filename="xrc_bitmap_crystal.cpp">
			<Option virtualFolder="xrc\" />
			<Option target="Release DLL" />
			<Option target="Debug DLL" />
			<Option target="Release" />
			<Option target="Debug" />
			<Option target="Profile DLL" />
		</Unit>
		<Unit filename="xrc_bitmap_crystal.h">
			<Option virtualFolder="xrc\" />
			<Option target="Release DLL" />
			<Option target="Debug DLL" />
			<Option target="Release" />
			<Option target="Debug" />
			<Option target="Profile DLL" />
		</Unit>
		<Unit filename="xrc_createscenery.cpp">
			<Option virtualFolder="xrc\" />
			<Option target="Release DLL" />
			<Option target="Debug DLL" />
			<Option target="Release" />
			<Option target="Debug" />
			<Option target="Profile DLL" />
		</Unit>
		<Unit filename="xrc_createscenery.h">
			<Option virtualFolder="xrc\" />
			<Option target="Release DLL" />
			<Option target="Debug DLL" />
			<Option target="Release" />
			<Option target="Debug" />
			<Option target="Profile DLL" />
		</Unit>
		<Unit filename="xrc_effect.cpp">
			<Option virtualFolder="xrc\" />
			<Option target="Release DLL" />
			<Option target="Debug DLL" />
			<Option target="Release" />
			<Option target="Debug" />
			<Option target="Profile DLL" />
		</Unit>
		<Unit filename="xrc_effect.h">
			<Option virtualFolder="xrc\" />
			<Option target="Release DLL" />
			<Option target="Debug DLL" />
			<Option target="Release" />
			<Option target="Debug" />
			<Option target="Profile DLL" />
		</Unit>
		<Unit filename="xrc_effectmenu.cpp">
			<Option virtualFolder="xrc\" />
			<Option target="Release DLL" />
			<Option target="Debug DLL" />
			<Option target="Release" />
			<Option target="Debug" />
			<Option target="Profile DLL" />
		</Unit>
		<Unit filename="xrc_effectmenu.h">
			<Option virtualFolder="xrc\" />
			<Option target="Release DLL" />
			<Option target="Debug DLL" />
			<Option target="Release" />
			<Option target="Debug" />
			<Option target="Profile DLL" />
		</Unit>
		<Unit filename="xrc_info.cpp">
			<Option virtualFolder="xrc\" />
			<Option target="Release DLL" />
			<Option target="Debug DLL" />
			<Option target="Release" />
			<Option target="Debug" />
			<Option target="Profile DLL" />
		</Unit>
		<Unit filename="xrc_info.h">
			<Option virtualFolder="xrc\" />
			<Option target="Release DLL" />
			<Option target="Debug DLL" />
			<Option target="Release" />
			<Option target="Debug" />
			<Option target="Profile DLL" />
		</Unit>
		<Unit filename="xrc_lod.cpp">
			<Option virtualFolder="xrc\" />
			<Option target="Release DLL" />
			<Option target="Debug DLL" />
			<Option target="Release" />
			<Option target="Debug" />
			<Option target="Profile DLL" />
		</Unit>
		<Unit filename="xrc_lod.h">
			<Option virtualFolder="xrc\" />
			<Option target="Release DLL" />
			<Option target="Debug DLL" />
			<Option target="Release" />
			<Option target="Debug" />
			<Option target="Profile DLL" />
		</Unit>
		<Unit filename="xrc_matrix.cpp">
			<Option virtualFolder="xrc\" />
			<Option target="Release DLL" />
			<Option target="Debug DLL" />
			<Option target="Release" />
			<Option target="Debug" />
			<Option target="Profile DLL" />
		</Unit>
		<Unit filename="xrc_matrix.h">
			<Option virtualFolder="xrc\" />
			<Option target="Release DLL" />
			<Option target="Debug DLL" />
			<Option target="Release" />
			<Option target="Debug" />
			<Option target="Profile DLL" />
		</Unit>
		<Unit filename="xrc_mesh.cpp">
			<Option compile="0" />
			<Option link="0" />
			<Option virtualFolder="xrc\" />
			<Option target="Release DLL" />
			<Option target="Debug DLL" />
			<Option target="Release" />
			<Option target="Debug" />
			<Option target="Profile DLL" />
		</Unit>
		<Unit filename="xrc_mesh.h">
			<Option virtualFolder="xrc\" />
			<Option target="Release DLL" />
			<Option target="Debug DLL" />
			<Option target="Release" />
			<Option target="Debug" />
			<Option target="Profile DLL" />
		</Unit>
		<Unit filename="xrc_model.cpp">
			<Option virtualFolder="xrc\" />
			<Option target="Release DLL" />
			<Option target="Debug DLL" />
			<Option target="Release" />
			<Option target="Debug" />
			<Option target="Profile DLL" />
		</Unit>
		<Unit filename="xrc_model.h">
			<Option virtualFolder="xrc\" />
			<Option target="Release DLL" />
			<Option target="Debug DLL" />
			<Option target="Release" />
			<Option target="Debug" />
			<Option target="Profile DLL" />
		</Unit>
		<Unit filename="xrc_stall.cpp">
			<Option virtualFolder="xrc\" />
			<Option target="Release DLL" />
			<Option target="Debug DLL" />
			<Option target="Release" />
			<Option target="Debug" />
			<Option target="Profile DLL" />
		</Unit>
		<Unit filename="xrc_stall.h">
			<Option virtualFolder="xrc\" />
			<Option target="Release DLL" />
			<Option target="Debug DLL" />
			<Option target="Release" />
			<Option target="Debug" />
			<Option target="Profile DLL" />
		</Unit>
		<Unit filename="xrc_stallman.cpp">
			<Option virtualFolder="xrc\" />
			<Option target="Release DLL" />
			<Option target="Debug DLL" />
			<Option target="Release" />
			<Option target="Debug" />
			<Option target="Profile DLL" />
		</Unit>
		<Unit filename="xrc_stallman.h">
			<Option virtualFolder="xrc\" />
			<Option target="Release DLL" />
			<Option target="Debug DLL" />
			<Option target="Release" />
			<Option target="Debug" />
			<Option target="Profile DLL" />
		</Unit>
		<Unit filename="xrc_texture.cpp">
			<Option virtualFolder="xrc\" />
			<Option target="Release DLL" />
			<Option target="Debug DLL" />
			<Option target="Release" />
			<Option target="Debug" />
			<Option target="Profile DLL" />
		</Unit>
		<Unit filename="xrc_texture.h">
			<Option virtualFolder="xrc\" />
			<Option target="Release DLL" />
			<Option target="Debug DLL" />
			<Option target="Release" />
			<Option target="Debug" />
			<Option target="Profile DLL" />
		</Unit>
		<Unit filename="xrc_texturesimple.cpp">
			<Option virtualFolder="xrc\" />
			<Option target="Release DLL" />
			<Option target="Debug DLL" />
			<Option target="Release" />
			<Option target="Debug" />
			<Option target="Profile DLL" />
		</Unit>
		<Unit filename="xrc_texturesimple.h">
			<Option virtualFolder="xrc\" />
			<Option target="Release DLL" />
			<Option target="Debug DLL" />
			<Option target="Release" />
			<Option target="Debug" />
			<Option target="Profile DLL" />
		</Unit>
		<Extensions>
			<code_completion />
		</Extensions>
	</Project>
</CodeBlocks_project_file>
