<?xml version="1.0" encoding="UTF-8" standalone="yes" ?>
<CodeBlocks_project_file>
	<FileVersion major="1" minor="6" />
	<Project>
		<Option title="libRawParse" />
		<Option compiler="gcc" />
		<Build>
			<Target title="Debug">
				<Option output="..\..\lib\libRawParsed" prefix_auto="0" extension_auto="1" />
				<Option working_dir="" />
				<Option object_output="..\..\lib\obj\libRawParse\debug" />
				<Option type="2" />
				<Option compiler="gcc" />
				<Option createDefFile="1" />
				<Compiler>
					<Add option="-Wall" />
					<Add option="-g" />
					<Add option="-D__WXDEBUG__" />
					<Add directory="$(#wx.ansidebugstatic)" />
				</Compiler>
			</Target>
			<Target title="Release">
				<Option output="..\..\lib\libRawParse" prefix_auto="0" extension_auto="1" />
				<Option working_dir="" />
				<Option object_output="..\..\lib\obj\libRawParse\release" />
				<Option external_deps="..\..\lib\libWXHelp.a;" />
				<Option type="2" />
				<Option compiler="gcc" />
				<Option createDefFile="1" />
				<Compiler>
					<Add option="-Os" />
					<Add option="-O2" />
					<Add directory="$(#wx.ansireleasestatic)" />
				</Compiler>
				<Linker>
					<Add option="-s" />
				</Linker>
			</Target>
			<Target title="Release Unicode">
				<Option output="..\..\lib\libRawParseu" prefix_auto="0" extension_auto="1" />
				<Option working_dir="" />
				<Option object_output="..\..\lib\obj\libRawParse\releaseuni" />
				<Option external_deps="..\..\lib\libWXHelp.a;" />
				<Option type="2" />
				<Option compiler="gcc" />
				<Option createDefFile="1" />
				<Compiler>
					<Add option="-Os" />
					<Add option="-O2" />
					<Add directory="$(#mingw.lib)\wx\include\msw-unicode-release-static-2.8" />
				</Compiler>
				<Linker>
					<Add option="-s" />
				</Linker>
			</Target>
			<Target title="Debug Unicode">
				<Option output="..\..\lib\libRawParseud" prefix_auto="0" extension_auto="1" />
				<Option working_dir="" />
				<Option object_output="..\..\lib\obj\libRawParse\debuguni" />
				<Option external_deps="..\..\lib\libWXHelpd.a;" />
				<Option type="2" />
				<Option compiler="gcc" />
				<Option createDefFile="1" />
				<Compiler>
					<Add option="-Wall" />
					<Add option="-g" />
					<Add option="-D__WXDEBUG__" />
					<Add directory="$(#mingw.lib)\wx\include\msw-unicode-debug-static-2.8" />
				</Compiler>
			</Target>
		</Build>
		<VirtualTargets>
			<Add alias="All" targets="Debug;Release;Release Unicode;Debug Unicode;" />
			<Add alias="All Ansi" targets="Debug;Release;" />
			<Add alias="All Unicode" targets="Release Unicode;Debug Unicode;" />
			<Add alias="Debug Base" targets="Debug;" />
			<Add alias="Debug Base Unicode" targets="Debug Unicode;" />
			<Add alias="Release Base" targets="Release;" />
			<Add alias="Release Base Unicode" targets="Release Unicode;" />
		</VirtualTargets>
		<Compiler>
			<Add option="-Wall" />
			<Add option="-fno-strict-aliasing" />
			<Add option="-DIL_STATIC_LIB" />
			<Add option="-DUSE_SQUISH" />
			<Add option="-DCACHE_GXIMAGE" />
			<Add directory="$(#wx.include)" />
			<Add directory="..\libASE-1.0" />
			<Add directory="..\..\include" />
			<Add directory="..\libWXHelp" />
			<Add directory="$(#mingw.include)\GraphicsMagick" />
			<Add directory="..\libOVLng" />
			<Add directory="..\lib3DHelp" />
			<Add directory="..\libOVLDump" />
		</Compiler>
		<Unit filename="RawParse.h" />
		<Unit filename="RawParse_Base.cpp" />
		<Unit filename="RawParse_BasicParse.cpp" />
		<Unit filename="RawParse_Extra.cpp" />
		<Unit filename="RawParse_MainParse.cpp" />
		<Unit filename="RawParse_StructParse.cpp" />
		<Unit filename="RawParse_cpp.h" />
		<Unit filename="wx_pch.h">
			<Option compile="1" />
			<Option weight="0" />
		</Unit>
		<Extensions>
			<code_completion />
			<envvars />
			<debugger />
			<lib_finder />
		</Extensions>
	</Project>
</CodeBlocks_project_file>
