<?xml version="1.0" encoding="UTF-8" standalone="yes" ?>
<CodeBlocks_project_file>
	<FileVersion major="1" minor="6" />
	<Project>
		<Option title="libRawParse" />
		<Option compiler="gcc" />
		<Build>
			<Target title="Debug">
				<Option output="..\..\lib\libRawParsed" prefix_auto="0" extension_auto="1" />
				<Option working_dir="" />
				<Option object_output="..\..\lib\obj\libRawParse\debug" />
				<Option type="2" />
				<Option compiler="gcc" />
				<Option createDefFile="1" />
				<Compiler>
					<Add option="-Wall" />
					<Add option="-g" />
					<Add option="-D__WXDEBUG__" />
					<Add directory="$(#wx.ansidebugstatic)" />
				</Compiler>
			</Target>
			<Target title="Release">
				<Option output="..\..\lib\libRawParse" prefix_auto="0" extension_auto="1" />
				<Option working_dir="" />
				<Option object_output="..\..\lib\obj\libRawParse\release" />
				<Option external_deps="..\..\lib\libWXHelp.a;" />
				<Option type="2" />
				<Option compiler="gcc" />
				<Option createDefFile="1" />
				<Compiler>
					<Add option="-Os" />
					<Add option="-O2" />
					<Add directory="$(#wx.ansireleasestatic)" />
				</Compiler>
				<Linker>
					<Add option="-s" />
				</Linker>
			</Target>
			<Target title="Release Unicode">
				<Option output="..\..\lib\libRawParseu" prefix_auto="0" extension_auto="1" />
				<Option working_dir="" />
				<Option object_output="..\..\lib\obj\libRawParse\releaseuni" />
				<Option external_deps="..\..\lib\libWXHelp.a;" />
				<Option type="2" />
				<Option compiler="gcc" />
				<Option createDefFile="1" />
				<Compiler>
					<Add option="-Os" />
					<Add option="-O2" />
					<Add directory="$(#wx3.include)" />
					<Add directory="$(#wx3.lib)\wx\include\msw-unicode-release-static-2.9" />
					<Add directory="$(#wx3.lib)\wx\include\gtk2-unicode-release-static-2.9" />
				</Compiler>
				<Linker>
					<Add option="-s" />
				</Linker>
			</Target>
			<Target title="Debug Unicode">
				<Option output="..\..\lib\libRawParseud" prefix_auto="0" extension_auto="1" />
				<Option working_dir="" />
				<Option object_output="..\..\lib\obj\libRawParse\debuguni" />
				<Option external_deps="..\..\lib\libWXHelpd.a;" />
				<Option type="2" />
				<Option compiler="gcc" />
				<Option createDefFile="1" />
				<Compiler>
					<Add option="-Wall" />
					<Add option="-g" />
					<Add option="-D__WXDEBUG__" />
					<Add directory="$(#wx3.include)" />
					<Add directory="$(#wx3.lib)\wx\include\base-unicode-debug-static-2.9" />
				</Compiler>
			</Target>
		</Build>
		<VirtualTargets>
			<Add alias="All" targets="Debug;Release;Release Unicode;Debug Unicode;" />
			<Add alias="All Ansi" targets="Debug;Release;" />
			<Add alias="All Unicode" targets="Release Unicode;Debug Unicode;" />
			<Add alias="Debug Base" targets="Debug;" />
			<Add alias="Debug Base Unicode" targets="Debug Unicode;" />
			<Add alias="Release Base" targets="Release;" />
			<Add alias="Release Base Unicode" targets="Release Unicode;" />
		</VirtualTargets>
		<Compiler>
			<Add option="-Wall" />
			<Add option="-fno-strict-aliasing" />
			<Add option="[[" />
			<Add option='if ((PLATFORM == PLATFORM_MSW) &amp;&amp; (GetCompilerFactory().GetCompilerVersionString(_T(&quot;gcc&quot;)) &gt;= _T(&quot;4.0.0&quot;))) {' />
			<Add option='print(_T(&quot;-Wno-attributes -mthreads&quot;));' />
			<Add option="} else {" />
			<Add option='print(_T(&quot;-pthread -D_FILE_OFFSET_BITS=64 -D_LARGE_FILES -D__WXGTK__&quot;));' />
			<Add option="}" />
			<Add option="]]" />
			<Add option="-DIL_STATIC_LIB" />
			<Add option="-DUSE_SQUISH" />
			<Add option="-DCACHE_GXIMAGE" />
			<Add option="-DXMLCPP_USE_XSLT" />
			<Add option="-DXMLCPP_USE_WXWIDGETS" />
			<Add option="-DXMLCPP_SLIM" />
			<Add directory="..\libASE-1.0" />
			<Add directory="..\..\include" />
			<Add directory="..\libWXHelp" />
			<Add directory="$(#mingw.include)\GraphicsMagick" />
			<Add directory="..\libOVLng" />
			<Add directory="..\lib3DHelp" />
			<Add directory="..\libOVLDump" />
			<Add directory="..\libXmlCpp" />
			<Add directory="$(#system.include)\libxml2" />
			<Add directory="$(#mingw.include)" />
		</Compiler>
		<Unit filename="RawParse.h" />
		<Unit filename="RawParse_BakeScenery.cpp" />
		<Unit filename="RawParse_Base.cpp">
			<Option weight="20" />
		</Unit>
		<Unit filename="RawParse_BasicParse.cpp" />
		<Unit filename="RawParse_Data.cpp" />
		<Unit filename="RawParse_Extra.cpp" />
		<Unit filename="RawParse_MainParse.cpp" />
		<Unit filename="RawParse_StructParse_ANR_BAN_BSH_CED.cpp" />
		<Unit filename="RawParse_StructParse_CHG_CID_FTX.cpp" />
		<Unit filename="RawParse_StructParse_PTD_QTD_SAT_SHS.cpp" />
		<Unit filename="RawParse_StructParse_SID_SPL_STA.cpp" />
		<Unit filename="RawParse_StructParse_SVD_TEX_WAI.cpp" />
		<Unit filename="RawParse_cpp.h" />
		<Unit filename="wx_pch.h">
			<Option weight="0" />
		</Unit>
		<Extensions>
			<code_completion />
			<envvars />
			<debugger />
			<AutoVersioning>
				<Scheme minor_max="10" build_max="0" rev_max="0" rev_rand_max="10" build_times_to_increment_minor="100" />
				<Settings autoincrement="1" date_declarations="1" do_auto_increment="0" ask_to_increment="0" language="C++" svn="0" svn_directory="" header_path="version.h" />
				<Changes_Log show_changes_editor="0" app_title="released version %M.%m.%b of %p" changeslog_path="ChangesLog.txt" />
			</AutoVersioning>
		</Extensions>
	</Project>
</CodeBlocks_project_file>
